<?xml version="1.0" encoding="utf-8"?>
<Project ToolsVersion="4.0" xmlns="http://schemas.microsoft.com/developer/msbuild/2003">
  <ItemGroup>
    <Filter Include="Source Files">
      <UniqueIdentifier>{4FC737F1-C7A5-4376-A066-2A32D752A2FF}</UniqueIdentifier>
      <Extensions>cpp;c;cc;cxx;def;odl;idl;hpj;bat;asm;asmx</Extensions>
    </Filter>
    <Filter Include="Header Files">
      <UniqueIdentifier>{93995380-89BD-4b04-88EB-625FBE52EBFB}</UniqueIdentifier>
      <Extensions>h;hh;hpp;hxx;hm;inl;inc;ipp;xsd</Extensions>
    </Filter>
    <Filter Include="Resource Files">
      <UniqueIdentifier>{67DA6AB6-F800-4c08-8B7A-83BB121AAD01}</UniqueIdentifier>
      <Extensions>rc;ico;cur;bmp;dlg;rc2;rct;bin;rgs;gif;jpg;jpeg;jpe;resx;tiff;tif;png;wav;mfcribbon-ms</Extensions>
    </Filter>
    <Filter Include="Test Files">
      <UniqueIdentifier>{91ef301c-ce18-4d7e-b202-fc9748a4b461}</UniqueIdentifier>
    </Filter>
    <Filter Include="Iterator Files">
      <UniqueIdentifier>{63b8412a-af3d-45e8-a606-f3b779b2989b}</UniqueIdentifier>
    </Filter>
  </ItemGroup>
  <ItemGroup>
    <ClInclude Include="Graph\Adjacency Representations\adjacency_container.h">
      <Filter>Header Files</Filter>
    </ClInclude>
    <ClInclude Include="Graph\Adjacency Representations\adjacency_list.h">
      <Filter>Header Files</Filter>
    </ClInclude>
    <ClInclude Include="Graph\Directed\directed_graph.h">
      <Filter>Header Files</Filter>
    </ClInclude>
    <ClInclude Include="Graph\graph.h">
      <Filter>Header Files</Filter>
    </ClInclude>
    <ClInclude Include="Tests\adjacency_list_test.h">
      <Filter>Test Files</Filter>
    </ClInclude>
    <ClInclude Include="Tests\iterator_test.h">
      <Filter>Test Files</Filter>
    </ClInclude>
    <ClInclude Include="Graph\Iterators\graph_iterator.h">
      <Filter>Iterator Files</Filter>
    </ClInclude>
    <ClInclude Include="Graph\Iterators\vertex_iterator.h">
      <Filter>Iterator Files</Filter>
    </ClInclude>
  </ItemGroup>
  <ItemGroup>
    <ClCompile Include="Graph\Adjacency Representations\adjacency_list.cpp">
      <Filter>Source Files</Filter>
    </ClCompile>
    <ClCompile Include="Graph\Directed\directed_graph.cpp">
      <Filter>Source Files</Filter>
    </ClCompile>
    <ClCompile Include="Graph\graph.cpp">
      <Filter>Source Files</Filter>
    </ClCompile>
    <ClCompile Include="Tests\adjacency_list_test.cpp">
      <Filter>Test Files</Filter>
    </ClCompile>
    <ClCompile Include="Tests\graph_test_runner.cpp">
      <Filter>Test Files</Filter>
    </ClCompile>
    <ClCompile Include="Tests\test_template.cpp">
      <Filter>Test Files</Filter>
    </ClCompile>
    <ClCompile Include="Graph\Iterators\vertex_iterator.cpp">
      <Filter>Iterator Files</Filter>
    </ClCompile>
  </ItemGroup>
</Project>